Microsoft Visual Studio Solution File, Format Version 12.00
# Visual Studio Version 17
VisualStudioVersion = 17.0.31903.59
MinimumVisualStudioVersion = 10.0.40219.1
Project("{FAE04EC0-301F-11D3-BF4B-00C04F79EFBC}") = "SSW.Benchmarks.DuckTyping", "src\SSW.Benchmarks.DuckTyping\SSW.Benchmarks.DuckTyping.csproj", "{1141C271-6A77-4D6D-8CD1-D11A9D041101}"
EndProject
Project("{FAE04EC0-301F-11D3-BF4B-00C04F79EFBC}") = "SSW.Benchmarks.DuckTyping.Tests", "tests\SSW.Benchmarks.DuckTyping.Tests\SSW.Benchmarks.DuckTyping.Tests.csproj", "{1141C271-6A77-4D6D-8CD1-D11A9D041102}"
EndProject
Project("{FAE04EC0-301F-11D3-BF4B-00C04F79EFBC}") = "SSW.Benchmarks.DuckTyping.Benchmarks", "bench\SSW.Benchmarks.DuckTyping.Benchmarks\SSW.Benchmarks.DuckTyping.Benchmarks.csproj", "{1141C271-6A77-4D6D-8CD1-D11A9D041103}"
EndProject
Global
	GlobalSection(SolutionConfigurationPlatforms) = preSolution
		Debug|Any CPU = Debug|Any CPU
		Release|Any CPU = Release|Any CPU
	EndGlobalSection
	GlobalSection(ProjectConfigurationPlatforms) = postSolution
		{1141C271-6A77-4D6D-8CD1-D11A9D041101}.Debug|Any CPU.ActiveCfg = Debug|Any CPU
		{1141C271-6A77-4D6D-8CD1-D11A9D041101}.Debug|Any CPU.Build.0 = Debug|Any CPU
		{1141C271-6A77-4D6D-8CD1-D11A9D041101}.Release|Any CPU.ActiveCfg = Release|Any CPU
		{1141C271-6A77-4D6D-8CD1-D11A9D041101}.Release|Any CPU.Build.0 = Release|Any CPU
		{1141C271-6A77-4D6D-8CD1-D11A9D041102}.Debug|Any CPU.ActiveCfg = Debug|Any CPU
		{1141C271-6A77-4D6D-8CD1-D11A9D041102}.Debug|Any CPU.Build.0 = Debug|Any CPU
		{1141C271-6A77-4D6D-8CD1-D11A9D041102}.Release|Any CPU.ActiveCfg = Release|Any CPU
		{1141C271-6A77-4D6D-8CD1-D11A9D041102}.Release|Any CPU.Build.0 = Release|Any CPU
		{1141C271-6A77-4D6D-8CD1-D11A9D041103}.Debug|Any CPU.ActiveCfg = Debug|Any CPU
		{1141C271-6A77-4D6D-8CD1-D11A9D041103}.Debug|Any CPU.Build.0 = Debug|Any CPU
		{1141C271-6A77-4D6D-8CD1-D11A9D041103}.Release|Any CPU.ActiveCfg = Release|Any CPU
		{1141C271-6A77-4D6D-8CD1-D11A9D041103}.Release|Any CPU.Build.0 = Release|Any CPU
	EndGlobalSection
	GlobalSection(SolutionProperties) = preSolution
		HideSolutionNode = FALSE
	EndGlobalSection
EndGlobal
