Microsoft Visual Studio Solution File, Format Version 12.00
# Visual Studio Version 17
VisualStudioVersion = 17.0.31903.59
MinimumVisualStudioVersion = 10.0.40219.1
Project("{FAE04EC0-301F-11D3-BF4B-00C04F79EFBC}") = "SSW.Benchmarks.SerializationProtobuf", "src\SSW.Benchmarks.SerializationProtobuf\SSW.Benchmarks.SerializationProtobuf.csproj", "{B5D9A3E7-5B8E-48E3-8E5D-A0F074B2B001}"
EndProject
Project("{FAE04EC0-301F-11D3-BF4B-00C04F79EFBC}") = "SSW.Benchmarks.SerializationProtobuf.Tests", "tests\SSW.Benchmarks.SerializationProtobuf.Tests\SSW.Benchmarks.SerializationProtobuf.Tests.csproj", "{B5D9A3E7-5B8E-48E3-8E5D-A0F074B2B002}"
EndProject
Project("{FAE04EC0-301F-11D3-BF4B-00C04F79EFBC}") = "SSW.Benchmarks.SerializationProtobuf.Benchmarks", "bench\SSW.Benchmarks.SerializationProtobuf.Benchmarks\SSW.Benchmarks.SerializationProtobuf.Benchmarks.csproj", "{B5D9A3E7-5B8E-48E3-8E5D-A0F074B2B003}"
EndProject
Global
	GlobalSection(SolutionConfigurationPlatforms) = preSolution
		Debug|Any CPU = Debug|Any CPU
		Release|Any CPU = Release|Any CPU
	EndGlobalSection
	GlobalSection(ProjectConfigurationPlatforms) = postSolution
		{B5D9A3E7-5B8E-48E3-8E5D-A0F074B2B001}.Debug|Any CPU.ActiveCfg = Debug|Any CPU
		{B5D9A3E7-5B8E-48E3-8E5D-A0F074B2B001}.Debug|Any CPU.Build.0 = Debug|Any CPU
		{B5D9A3E7-5B8E-48E3-8E5D-A0F074B2B001}.Release|Any CPU.ActiveCfg = Release|Any CPU
		{B5D9A3E7-5B8E-48E3-8E5D-A0F074B2B001}.Release|Any CPU.Build.0 = Release|Any CPU
		{B5D9A3E7-5B8E-48E3-8E5D-A0F074B2B002}.Debug|Any CPU.ActiveCfg = Debug|Any CPU
		{B5D9A3E7-5B8E-48E3-8E5D-A0F074B2B002}.Debug|Any CPU.Build.0 = Debug|Any CPU
		{B5D9A3E7-5B8E-48E3-8E5D-A0F074B2B002}.Release|Any CPU.ActiveCfg = Release|Any CPU
		{B5D9A3E7-5B8E-48E3-8E5D-A0F074B2B002}.Release|Any CPU.Build.0 = Release|Any CPU
		{B5D9A3E7-5B8E-48E3-8E5D-A0F074B2B003}.Debug|Any CPU.ActiveCfg = Debug|Any CPU
		{B5D9A3E7-5B8E-48E3-8E5D-A0F074B2B003}.Debug|Any CPU.Build.0 = Debug|Any CPU
		{B5D9A3E7-5B8E-48E3-8E5D-A0F074B2B003}.Release|Any CPU.ActiveCfg = Release|Any CPU
		{B5D9A3E7-5B8E-48E3-8E5D-A0F074B2B003}.Release|Any CPU.Build.0 = Release|Any CPU
	EndGlobalSection
EndGlobal
