Microsoft Visual Studio Solution File, Format Version 12.00
# Visual Studio Version 17
VisualStudioVersion = 17.0.31903.59
MinimumVisualStudioVersion = 10.0.40219.1
Project("{FAE04EC0-301F-11D3-BF4B-00C04F79EFBC}") = "SSW.Benchmarks.StronglyTypedValues", "src\SSW.Benchmarks.StronglyTypedValues\SSW.Benchmarks.StronglyTypedValues.csproj", "{24A2D382-6A77-4D6D-8CD1-D11A9D042101}"
EndProject
Project("{FAE04EC0-301F-11D3-BF4B-00C04F79EFBC}") = "SSW.Benchmarks.StronglyTypedValues.Tests", "tests\SSW.Benchmarks.StronglyTypedValues.Tests\SSW.Benchmarks.StronglyTypedValues.Tests.csproj", "{24A2D382-6A77-4D6D-8CD1-D11A9D042102}"
EndProject
Project("{FAE04EC0-301F-11D3-BF4B-00C04F79EFBC}") = "SSW.Benchmarks.StronglyTypedValues.Benchmarks", "bench\SSW.Benchmarks.StronglyTypedValues.Benchmarks\SSW.Benchmarks.StronglyTypedValues.Benchmarks.csproj", "{24A2D382-6A77-4D6D-8CD1-D11A9D042103}"
EndProject
Global
	GlobalSection(SolutionConfigurationPlatforms) = preSolution
		Debug|Any CPU = Debug|Any CPU
		Release|Any CPU = Release|Any CPU
	EndGlobalSection
	GlobalSection(ProjectConfigurationPlatforms) = postSolution
		{24A2D382-6A77-4D6D-8CD1-D11A9D042101}.Debug|Any CPU.ActiveCfg = Debug|Any CPU
		{24A2D382-6A77-4D6D-8CD1-D11A9D042101}.Debug|Any CPU.Build.0 = Debug|Any CPU
		{24A2D382-6A77-4D6D-8CD1-D11A9D042101}.Release|Any CPU.ActiveCfg = Release|Any CPU
		{24A2D382-6A77-4D6D-8CD1-D11A9D042101}.Release|Any CPU.Build.0 = Release|Any CPU
		{24A2D382-6A77-4D6D-8CD1-D11A9D042102}.Debug|Any CPU.ActiveCfg = Debug|Any CPU
		{24A2D382-6A77-4D6D-8CD1-D11A9D042102}.Debug|Any CPU.Build.0 = Debug|Any CPU
		{24A2D382-6A77-4D6D-8CD1-D11A9D042102}.Release|Any CPU.ActiveCfg = Release|Any CPU
		{24A2D382-6A77-4D6D-8CD1-D11A9D042102}.Release|Any CPU.Build.0 = Release|Any CPU
		{24A2D382-6A77-4D6D-8CD1-D11A9D042103}.Debug|Any CPU.ActiveCfg = Debug|Any CPU
		{24A2D382-6A77-4D6D-8CD1-D11A9D042103}.Debug|Any CPU.Build.0 = Debug|Any CPU
		{24A2D382-6A77-4D6D-8CD1-D11A9D042103}.Release|Any CPU.ActiveCfg = Release|Any CPU
		{24A2D382-6A77-4D6D-8CD1-D11A9D042103}.Release|Any CPU.Build.0 = Release|Any CPU
	EndGlobalSection
	GlobalSection(SolutionProperties) = preSolution
		HideSolutionNode = FALSE
	EndGlobalSection
EndGlobal
